
Microsoft Visual Studio Solution File, Format Version 12.00
# Visual Studio 15
VisualStudioVersion = 15.0.27428.1
MinimumVisualStudioVersion = 10.0.40219.1
Project("{FAE04EC0-301F-11D3-BF4B-00C04F79EFBC}") = "Lab01", "Lab01\Lab01.csproj", "{42DABB05-AB61-46F8-B284-6762431E5119}"
EndProject
Project("{FAE04EC0-301F-11D3-BF4B-00C04F79EFBC}") = "Lab02", "Lab02\Lab02.csproj", "{E579B37A-8E58-4BF5-A9F0-F1E6DD3DA6DD}"
EndProject
Project("{FAE04EC0-301F-11D3-BF4B-00C04F79EFBC}") = "Lab03", "Lab03\Lab03.csproj", "{0800C01A-A14D-4A65-8CD3-B64CF70DEF1C}"
EndProject
Project("{FAE04EC0-301F-11D3-BF4B-00C04F79EFBC}") = "Lab04", "Lab04\Lab04.csproj", "{41C52A43-130F-4711-914E-23451CD9A750}"
EndProject
Global
	GlobalSection(SolutionConfigurationPlatforms) = preSolution
		Debug|Any CPU = Debug|Any CPU
		Release|Any CPU = Release|Any CPU
	EndGlobalSection
	GlobalSection(ProjectConfigurationPlatforms) = postSolution
		{0800C01A-A14D-4A65-8CD3-B64CF70DEF1C}.Debug|Any CPU.ActiveCfg = Debug|Any CPU
		{0800C01A-A14D-4A65-8CD3-B64CF70DEF1C}.Debug|Any CPU.Build.0 = Debug|Any CPU
		{0800C01A-A14D-4A65-8CD3-B64CF70DEF1C}.Release|Any CPU.ActiveCfg = Release|Any CPU
		{0800C01A-A14D-4A65-8CD3-B64CF70DEF1C}.Release|Any CPU.Build.0 = Release|Any CPU
		{42DABB05-AB61-46F8-B284-6762431E5119}.Debug|Any CPU.ActiveCfg = Debug|Any CPU
		{42DABB05-AB61-46F8-B284-6762431E5119}.Debug|Any CPU.Build.0 = Debug|Any CPU
		{42DABB05-AB61-46F8-B284-6762431E5119}.Release|Any CPU.ActiveCfg = Release|Any CPU
		{42DABB05-AB61-46F8-B284-6762431E5119}.Release|Any CPU.Build.0 = Release|Any CPU
		{E579B37A-8E58-4BF5-A9F0-F1E6DD3DA6DD}.Debug|Any CPU.ActiveCfg = Debug|Any CPU
		{E579B37A-8E58-4BF5-A9F0-F1E6DD3DA6DD}.Debug|Any CPU.Build.0 = Debug|Any CPU
		{E579B37A-8E58-4BF5-A9F0-F1E6DD3DA6DD}.Release|Any CPU.ActiveCfg = Release|Any CPU
		{E579B37A-8E58-4BF5-A9F0-F1E6DD3DA6DD}.Release|Any CPU.Build.0 = Release|Any CPU
		{41C52A43-130F-4711-914E-23451CD9A750}.Debug|Any CPU.ActiveCfg = Debug|Any CPU
		{41C52A43-130F-4711-914E-23451CD9A750}.Debug|Any CPU.Build.0 = Debug|Any CPU
		{41C52A43-130F-4711-914E-23451CD9A750}.Release|Any CPU.ActiveCfg = Release|Any CPU
		{41C52A43-130F-4711-914E-23451CD9A750}.Release|Any CPU.Build.0 = Release|Any CPU
	EndGlobalSection
	GlobalSection(SolutionProperties) = preSolution
		HideSolutionNode = FALSE
	EndGlobalSection
	GlobalSection(ExtensibilityGlobals) = postSolution
		SolutionGuid = {C92CEFD0-439D-46CC-ADE3-B8CC1AFA95FC}
	EndGlobalSection
EndGlobal
